
Microsoft Visual Studio Solution File, Format Version 9.00
# Visual Studio 2005
Project("{FAE04EC0-301F-11D3-BF4B-00C04F79EFBC}") = "SrtCombiner", "SrtTimeshift\SrtCombiner.csproj", "{F7A6D02B-D8D1-4FFC-93E2-7BEA51676CEA}"
EndProject
Project("{FAE04EC0-301F-11D3-BF4B-00C04F79EFBC}") = "subtitleProcessor", "srtProcessor\subtitleProcessor.csproj", "{931818C5-F4CE-4D8C-9907-8C3F3E4CE5E7}"
EndProject
Project("{2150E333-8FDC-42A3-9474-1A3956D46DE8}") = "lib", "lib", "{FA53019C-2E1A-4552-B1CB-41F43B9EACA9}"
	ProjectSection(SolutionItems) = preProject
		lib\Microsoft.DirectX.AudioVideoPlayback.dll = lib\Microsoft.DirectX.AudioVideoPlayback.dll
	EndProjectSection
EndProject
Global
	GlobalSection(SolutionConfigurationPlatforms) = preSolution
		Debug|Any CPU = Debug|Any CPU
		Release|Any CPU = Release|Any CPU
	EndGlobalSection
	GlobalSection(ProjectConfigurationPlatforms) = postSolution
		{F7A6D02B-D8D1-4FFC-93E2-7BEA51676CEA}.Debug|Any CPU.ActiveCfg = Debug|Any CPU
		{F7A6D02B-D8D1-4FFC-93E2-7BEA51676CEA}.Debug|Any CPU.Build.0 = Debug|Any CPU
		{F7A6D02B-D8D1-4FFC-93E2-7BEA51676CEA}.Release|Any CPU.ActiveCfg = Release|Any CPU
		{F7A6D02B-D8D1-4FFC-93E2-7BEA51676CEA}.Release|Any CPU.Build.0 = Release|Any CPU
		{931818C5-F4CE-4D8C-9907-8C3F3E4CE5E7}.Debug|Any CPU.ActiveCfg = Debug|Any CPU
		{931818C5-F4CE-4D8C-9907-8C3F3E4CE5E7}.Debug|Any CPU.Build.0 = Debug|Any CPU
		{931818C5-F4CE-4D8C-9907-8C3F3E4CE5E7}.Release|Any CPU.ActiveCfg = Release|Any CPU
		{931818C5-F4CE-4D8C-9907-8C3F3E4CE5E7}.Release|Any CPU.Build.0 = Release|Any CPU
	EndGlobalSection
	GlobalSection(SolutionProperties) = preSolution
		HideSolutionNode = FALSE
	EndGlobalSection
EndGlobal
